
Microsoft Visual Studio Solution File, Format Version 12.00
# Visual Studio Version 17
VisualStudioVersion = 17.10.34928.147
MinimumVisualStudioVersion = 10.0.40219.1
Project("{FAE04EC0-301F-11D3-BF4B-00C04F79EFBC}") = "TextBasedRpg", "TextBasedRpg\TextBasedRpg.csproj", "{C7ABCBD2-BF45-481E-B74C-E23B332135A9}"
EndProject
Global
	GlobalSection(SolutionConfigurationPlatforms) = preSolution
		Debug|Any CPU = Debug|Any CPU
		Release|Any CPU = Release|Any CPU
	EndGlobalSection
	GlobalSection(ProjectConfigurationPlatforms) = postSolution
		{C7ABCBD2-BF45-481E-B74C-E23B332135A9}.Debug|Any CPU.ActiveCfg = Debug|Any CPU
		{C7ABCBD2-BF45-481E-B74C-E23B332135A9}.Debug|Any CPU.Build.0 = Debug|Any CPU
		{C7ABCBD2-BF45-481E-B74C-E23B332135A9}.Release|Any CPU.ActiveCfg = Release|Any CPU
		{C7ABCBD2-BF45-481E-B74C-E23B332135A9}.Release|Any CPU.Build.0 = Release|Any CPU
	EndGlobalSection
	GlobalSection(SolutionProperties) = preSolution
		HideSolutionNode = FALSE
	EndGlobalSection
	GlobalSection(ExtensibilityGlobals) = postSolution
		SolutionGuid = {149FD16C-FB70-4E2E-95EF-806D4AAF66EE}
	EndGlobalSection
EndGlobal
